{
    "name": "trello-clone",
    "version": "0.1.0",
    "lockfileVersion": 1,
    "requires": true,
    "dependencies": {
        "ajv": {
            "version": "6.4.0",
            "resolved": "https://registry.npmjs.org/ajv/-/ajv-6.4.0.tgz",
            "integrity": "sha1-06/3jpJ3VJdx2vAWTP9ISCt1T8Y="
        },
        "b": {
            "version": "2.0.1",
            "resolved": "https://registry.npmjs.org/b/-/b-2.0.1.tgz",
            "integrity": "sha1-3C6pp30vJ+TjTT5E4EuzuuTWkNw="
        },
        "babel": {
            "version": "6.23.0",
            "resolved": "https://registry.npmjs.org/babel/-/babel-6.23.0.tgz",
            "integrity": "sha1-0NHn2APpdHZb7qMjLU4VPA77kPQ="
        },
        "babel-eslint": {
            "version": "7.2.3",
            "resolved": "https://registry.npmjs.org/babel-eslint/-/babel-eslint-7.2.3.tgz",
            "integrity": "sha1-sv4tgBJkcPXBlELcdXJTqJdxCCc=",
            "dev": true
        },
        "eslint": {
            "version": "4.19.1",
            "resolved": "https://registry.npmjs.org/eslint/-/eslint-4.19.1.tgz",
            "integrity": "sha512-bT3/1x1EbZB7phzYu7vCr1v3ONuzDtX8WjuM9c0iYxe+cq+pwcKEoQjl7zd3RpC6YOLgnSy3cTN58M2jcoPDIQ==",
            "dev": true,
            "dependencies": {
                "ajv": {
                    "version": "5.5.2",
                    "resolved": "https://registry.npmjs.org/ajv/-/ajv-5.5.2.tgz",
                    "integrity": "sha1-c7Xuyj+rZT49P5Qis0GtQiBdyWU="
                },
                "ajv-keywords": {
                    "version": "2.1.1",
                    "resolved": "https://registry.npmjs.org/ajv-keywords/-/ajv-keywords-2.1.1.tgz",
                    "integrity": "sha1-YXmX/F9gV2iUxDX5QNgZ4TW4B2I="
                },
                "ansi-regex": {
                    "version": "3.0.0",
                    "resolved": "https://registry.npmjs.org/ansi-regex/-/ansi-regex-3.0.0.tgz",
                    "integrity": "sha1-7QMXwyIGT3lGbAKWa922Bas32Zg="
                },
                "chalk": {
                    "version": "2.3.2",
                    "resolved": "https://registry.npmjs.org/chalk/-/chalk-2.3.2.tgz",
                    "integrity": "sha512-ZM4j2/ld/YZDc3Ma8PgN7gyAk+kHMMMyzLNryCPGhWrsfAuDVeuid5bpRFTDgMH9JBK2lA4dyyAkkZYF/WcqDQ=="
                },
                "debug": {
                    "version": "3.1.0",
                    "resolved": "https://registry.npmjs.org/debug/-/debug-3.1.0.tgz",
                    "integrity": "sha512-OX8XqP7/1a9cqkxYw2yXss15f26NKWBpDXQd0/uK/KPqdQhxbPa994hnzjcE2VqQpDslf55723cKPUOGSmMY3g=="
                },
                "esprima": {
                    "version": "4.0.0",
                    "resolved": "https://registry.npmjs.org/esprima/-/esprima-4.0.0.tgz",
                    "integrity": "sha512-oftTcaMu/EGrEIu904mWteKIv8vMuOgGYo7EhVJJN00R/EED9DCua/xxHRdYnKtcECzVg7xOWhflvJMnqcFZjw=="
                },
                "globals": {
                    "version": "11.4.0",
                    "resolved": "https://registry.npmjs.org/globals/-/globals-11.4.0.tgz",
                    "integrity": "sha512-Dyzmifil8n/TmSqYDEXbm+C8yitzJQqQIlJQLNRMwa+BOUJpRC19pyVeN12JAjt61xonvXjtff+hJruTRXn5HA=="
                },
                "js-yaml": {
                    "version": "3.11.0",
                    "resolved": "https://registry.npmjs.org/js-yaml/-/js-yaml-3.11.0.tgz",
                    "integrity": "sha512-saJstZWv7oNeOyBh3+Dx1qWzhW0+e6/8eDzo7p5rDFqxntSztloLtuKu+Ejhtq82jsilwOIZYsCz+lIjthg1Hw=="
                },
                "strip-ansi": {
                    "version": "4.0.0",
                    "resolved": "https://registry.npmjs.org/strip-ansi/-/strip-ansi-4.0.0.tgz",
                    "integrity": "sha1-qEeQIusaw2iocTibY1JixQXuNo8="
                },
                "table": {
                    "version": "4.0.2",
                    "resolved": "https://registry.npmjs.org/table/-/table-4.0.2.tgz",
                    "integrity": "sha512-UUkEAPdSGxtRpiV9ozJ5cMTtYiqz7Ni1OGqLXRCynrvzdtR1p+cfOWe2RJLwvUG8hNanaSRjecIqwOjqeatDsA=="
                }
            }
        },
        "eslint-plugin-react": {
            "version": "7.7.0",
            "resolved": "https://registry.npmjs.org/eslint-plugin-react/-/eslint-plugin-react-7.7.0.tgz",
            "integrity": "sha512-KC7Snr4YsWZD5flu6A5c0AcIZidzW3Exbqp7OT67OaD2AppJtlBr/GuPrW/vaQM/yfZotEvKAdrxrO+v8vwYJA==",
            "dev": true,
            "dependencies": {
                "jsx-ast-utils": {
                    "version": "2.0.1",
                    "resolved": "https://registry.npmjs.org/jsx-ast-utils/-/jsx-ast-utils-2.0.1.tgz",
                    "integrity": "sha1-6AGxs5mF4g//yHtA43SAgOLcrH8="
                }
            }
        },
        "eslint-watch": {
            "version": "3.1.4",
            "resolved": "https://registry.npmjs.org/eslint-watch/-/eslint-watch-3.1.4.tgz",
            "integrity": "sha512-UpEszJuz/FBG3usSJkCy1p4iWMWmXFyMiCBnnJ9l1wXtMpEg6+mjnWM1MbStY5/QhuHEvW4M3AAadjUVv6FrAQ==",
            "dev": true,
            "dependencies": {
                "ansi-regex": {
                    "version": "3.0.0",
                    "resolved": "https://registry.npmjs.org/ansi-regex/-/ansi-regex-3.0.0.tgz",
                    "integrity": "sha1-7QMXwyIGT3lGbAKWa922Bas32Zg="
                },
                "chalk": {
                    "version": "2.3.2",
                    "resolved": "https://registry.npmjs.org/chalk/-/chalk-2.3.2.tgz",
                    "integrity": "sha512-ZM4j2/ld/YZDc3Ma8PgN7gyAk+kHMMMyzLNryCPGhWrsfAuDVeuid5bpRFTDgMH9JBK2lA4dyyAkkZYF/WcqDQ=="
                },
                "debug": {
                    "version": "3.1.0",
                    "resolved": "https://registry.npmjs.org/debug/-/debug-3.1.0.tgz",
                    "integrity": "sha512-OX8XqP7/1a9cqkxYw2yXss15f26NKWBpDXQd0/uK/KPqdQhxbPa994hnzjcE2VqQpDslf55723cKPUOGSmMY3g=="
                },
                "source-map-support": {
                    "version": "0.5.4",
                    "resolved": "https://registry.npmjs.org/source-map-support/-/source-map-support-0.5.4.tgz",
                    "integrity": "sha512-PETSPG6BjY1AHs2t64vS2aqAgu6dMIMXJULWFBGbh2Gr8nVLbCFDo6i/RMMvviIQ2h1Z8+5gQhVKSn2je9nmdg=="
                },
                "strip-ansi": {
                    "version": "4.0.0",
                    "resolved": "https://registry.npmjs.org/strip-ansi/-/strip-ansi-4.0.0.tgz",
                    "integrity": "sha1-qEeQIusaw2iocTibY1JixQXuNo8="
                }
            }
        },
        "gh-pages": {
            "version": "1.1.0",
            "resolved": "https://registry.npmjs.org/gh-pages/-/gh-pages-1.1.0.tgz",
            "integrity": "sha512-ZpDkeOVmIrN5mz+sBWDz5zmTqcbNJzI/updCwEv/7rrSdpTNlj1B5GhBqG7f4Q8p5sJOdnBV0SIqxJrxtZQ9FA=="
        },
        "moment": {
            "version": "2.29.4",
            "resolved": "https://registry.npmjs.org/moment/-/moment-2.29.4.tgz",
            "integrity": "sha512-5LC9SOxjSc2HF6vO2CyuTDNivEdoz2IvyJJGj6X8DJ0eFyfszE0QiEd+iXmBvUP3WHxSjFH/vIsA0EN00cgr8w=="
        },
        "react": {
            "version": "16.3.1",
            "resolved": "https://registry.npmjs.org/react/-/react-16.3.1.tgz",
            "integrity": "sha512-NbkxN9jsZ6+G+ICsLdC7/wUD26uNbvKU/RAxEWgc9kcdKvROt+5d5j2cNQm5PSFTQ4WNGsR3pa4qL2Q0/WSy1w=="
        },
        "react-dom": {
            "version": "16.3.1",
            "resolved": "https://registry.npmjs.org/react-dom/-/react-dom-16.3.1.tgz",
            "integrity": "sha512-2Infg89vzahq8nfVi1GkjPqq0vrBvf0f3T0+dTtyjq4f6HKOqKixAK25Vr593O3QTx4kw/vmUtAJwerlevNWOA=="
        },
        "react-redux": {
            "version": "5.0.7",
            "resolved": "https://registry.npmjs.org/react-redux/-/react-redux-5.0.7.tgz",
            "integrity": "sha512-5VI8EV5hdgNgyjfmWzBbdrqUkrVRKlyTKk1sGH3jzM2M2Mhj/seQgPXaz6gVAj2lz/nz688AdTqMO18Lr24Zhg=="
        },
        "react-scripts": {
            "version": "1.1.1",
            "resolved": "https://registry.npmjs.org/react-scripts/-/react-scripts-1.1.1.tgz",
            "integrity": "sha512-71Bkg8AH/66nhXKW5WpQatKw9xhVT9gdPsB8gb8F5AaO/VDIIUZR0duD6buMeQUg/cn5vkOa9ksy1rYKLUt8EQ==",
            "dependencies": {
                "ajv": {
                    "version": "5.5.2",
                    "resolved": "https://registry.npmjs.org/ajv/-/ajv-5.5.2.tgz",
                    "integrity": "sha1-c7Xuyj+rZT49P5Qis0GtQiBdyWU="
                },
                "ansi-regex": {
                    "version": "3.0.0",
                    "resolved": "https://registry.npmjs.org/ansi-regex/-/ansi-regex-3.0.0.tgz",
                    "integrity": "sha1-7QMXwyIGT3lGbAKWa922Bas32Zg="
                },
                "debug": {
                    "version": "3.1.0",
                    "resolved": "https://registry.npmjs.org/debug/-/debug-3.1.0.tgz",
                    "integrity": "sha512-OX8XqP7/1a9cqkxYw2yXss15f26NKWBpDXQd0/uK/KPqdQhxbPa994hnzjcE2VqQpDslf55723cKPUOGSmMY3g=="
                },
                "eslint": {
                    "version": "4.10.0",
                    "resolved": "https://registry.npmjs.org/eslint/-/eslint-4.10.0.tgz",
                    "integrity": "sha512-MMVl8P/dYUFZEvolL8PYt7qc5LNdS2lwheq9BYa5Y07FblhcZqFyaUqlS8TW5QITGex21tV4Lk0a3fK8lsJIkA==",
                    "dependencies": {
                        "chalk": {
                            "version": "2.3.2",
                            "resolved": "https://registry.npmjs.org/chalk/-/chalk-2.3.2.tgz",
                            "integrity": "sha512-ZM4j2/ld/YZDc3Ma8PgN7gyAk+kHMMMyzLNryCPGhWrsfAuDVeuid5bpRFTDgMH9JBK2lA4dyyAkkZYF/WcqDQ=="
                        }
                    }
                },
                "eslint-plugin-react": {
                    "version": "7.4.0",
                    "resolved": "https://registry.npmjs.org/eslint-plugin-react/-/eslint-plugin-react-7.4.0.tgz",
                    "integrity": "sha512-tvjU9u3VqmW2vVuYnE8Qptq+6ji4JltjOjJ9u7VAOxVYkUkyBZWRvNYKbDv5fN+L6wiA+4we9+qQahZ0m63XEA=="
                },
                "esprima": {
                    "version": "4.0.0",
                    "resolved": "https://registry.npmjs.org/esprima/-/esprima-4.0.0.tgz",
                    "integrity": "sha512-oftTcaMu/EGrEIu904mWteKIv8vMuOgGYo7EhVJJN00R/EED9DCua/xxHRdYnKtcECzVg7xOWhflvJMnqcFZjw=="
                },
                "fs-extra": {
                    "version": "3.0.1",
                    "resolved": "https://registry.npmjs.org/fs-extra/-/fs-extra-3.0.1.tgz",
                    "integrity": "sha1-N5TzeMWLNC6n27sjCVEJxLO2IpE="
                },
                "js-yaml": {
                    "version": "3.11.0",
                    "resolved": "https://registry.npmjs.org/js-yaml/-/js-yaml-3.11.0.tgz",
                    "integrity": "sha512-saJstZWv7oNeOyBh3+Dx1qWzhW0+e6/8eDzo7p5rDFqxntSztloLtuKu+Ejhtq82jsilwOIZYsCz+lIjthg1Hw=="
                },
                "jsonfile": {
                    "version": "3.0.1",
                    "resolved": "https://registry.npmjs.org/jsonfile/-/jsonfile-3.0.1.tgz",
                    "integrity": "sha1-pezG9l9T9mLEQVx2daAzHQmS7GY="
                },
                "jsx-ast-utils": {
                    "version": "2.0.1",
                    "resolved": "https://registry.npmjs.org/jsx-ast-utils/-/jsx-ast-utils-2.0.1.tgz",
                    "integrity": "sha1-6AGxs5mF4g//yHtA43SAgOLcrH8="
                },
                "promise": {
                    "version": "8.0.1",
                    "resolved": "https://registry.npmjs.org/promise/-/promise-8.0.1.tgz",
                    "integrity": "sha1-5F1osAoXZHttpxG/he1u1HII9FA="
                },
                "strip-ansi": {
                    "version": "4.0.0",
                    "resolved": "https://registry.npmjs.org/strip-ansi/-/strip-ansi-4.0.0.tgz",
                    "integrity": "sha1-qEeQIusaw2iocTibY1JixQXuNo8="
                },
                "whatwg-fetch": {
                    "version": "2.0.3",
                    "resolved": "https://registry.npmjs.org/whatwg-fetch/-/whatwg-fetch-2.0.3.tgz",
                    "integrity": "sha1-nITsLc9oGH/wC8ZOEnS0QhduHIQ="
                }
            }
        },
        "redux": {
            "version": "3.7.2",
            "resolved": "https://registry.npmjs.org/redux/-/redux-3.7.2.tgz",
            "integrity": "sha512-pNqnf9q1hI5HHZRBkj3bAngGZW/JMCmexDlOxw4XagXY2o1327nHH54LoTjiPJ0gizoqPDRqWyX/00g0hD6w+A=="
        }
    }
}
